// !$*UTF8*$!
{
	archiveVersion = 1;
	classes = {
	};
	objectVersion = 77;
	objects = {

/* Begin PBXBuildFile section */
		320FDEAE2DAEAB3900411670 /* FirebaseAnalytics in Frameworks */ = {isa = PBXBuildFile; productRef = 320FDEAD2DAEAB3900411670 /* FirebaseAnalytics */; };
		320FDEB02DAEAB3900411670 /* FirebaseCore in Frameworks */ = {isa = PBXBuildFile; productRef = 320FDEAF2DAEAB3900411670 /* FirebaseCore */; };
		320FDEB22DAEAB3900411670 /* FirebaseFirestore in Frameworks */ = {isa = PBXBuildFile; productRef = 320FDEB12DAEAB3900411670 /* FirebaseFirestore */; };
		320FDEB42DAEAB3900411670 /* FirebaseMessaging in Frameworks */ = {isa = PBXBuildFile; productRef = 320FDEB32DAEAB3900411670 /* FirebaseMessaging */; };
		320FDEB62DAF4CC800411670 /* FirebaseAuth in Frameworks */ = {isa = PBXBuildFile; productRef = 320FDEB52DAF4CC800411670 /* FirebaseAuth */; };
/* End PBXBuildFile section */

/* Begin PBXContainerItemProxy section */
		320FDD962D97EF6400411670 /* PBXContainerItemProxy */ = {
			isa = PBXContainerItemProxy;
			containerPortal = 320FDD7C2D97EF6300411670 /* Project object */;
			proxyType = 1;
			remoteGlobalIDString = 320FDD832D97EF6300411670;
			remoteInfo = prac;
		};
		320FDDA02D97EF6400411670 /* PBXContainerItemProxy */ = {
			isa = PBXContainerItemProxy;
			containerPortal = 320FDD7C2D97EF6300411670 /* Project object */;
			proxyType = 1;
			remoteGlobalIDString = 320FDD832D97EF6300411670;
			remoteInfo = prac;
		};
/* End PBXContainerItemProxy section */

/* Begin PBXFileReference section */
		320FDD842D97EF6300411670 /* prac.app */ = {isa = PBXFileReference; explicitFileType = wrapper.application; includeInIndex = 0; path = prac.app; sourceTree = BUILT_PRODUCTS_DIR; };
		320FDD952D97EF6400411670 /* pracTests.xctest */ = {isa = PBXFileReference; explicitFileType = wrapper.cfbundle; includeInIndex = 0; path = pracTests.xctest; sourceTree = BUILT_PRODUCTS_DIR; };
		320FDD9F2D97EF6400411670 /* pracUITests.xctest */ = {isa = PBXFileReference; explicitFileType = wrapper.cfbundle; includeInIndex = 0; path = pracUITests.xctest; sourceTree = BUILT_PRODUCTS_DIR; };
/* End PBXFileReference section */

/* Begin PBXFileSystemSynchronizedBuildFileExceptionSet section */
		320FDE322DAC234000411670 /* Exceptions for "prac" folder in "prac" target */ = {
			isa = PBXFileSystemSynchronizedBuildFileExceptionSet;
			membershipExceptions = (
				Info.plist,
			);
			target = 320FDD832D97EF6300411670 /* prac */;
		};
/* End PBXFileSystemSynchronizedBuildFileExceptionSet section */

/* Begin PBXFileSystemSynchronizedRootGroup section */
		320FDD862D97EF6300411670 /* prac */ = {
			isa = PBXFileSystemSynchronizedRootGroup;
			exceptions = (
				320FDE322DAC234000411670 /* Exceptions for "prac" folder in "prac" target */,
			);
			path = prac;
			sourceTree = "<group>";
		};
		320FDD982D97EF6400411670 /* pracTests */ = {
			isa = PBXFileSystemSynchronizedRootGroup;
			path = pracTests;
			sourceTree = "<group>";
		};
		320FDDA22D97EF6400411670 /* pracUITests */ = {
			isa = PBXFileSystemSynchronizedRootGroup;
			path = pracUITests;
			sourceTree = "<group>";
		};
/* End PBXFileSystemSynchronizedRootGroup section */

/* Begin PBXFrameworksBuildPhase section */
		320FDD812D97EF6300411670 /* Frameworks */ = {
			isa = PBXFrameworksBuildPhase;
			buildActionMask = 2147483647;
			files = (
				320FDEB42DAEAB3900411670 /* FirebaseMessaging in Frameworks */,
				320FDEB62DAF4CC800411670 /* FirebaseAuth in Frameworks */,
				320FDEB02DAEAB3900411670 /* FirebaseCore in Frameworks */,
				320FDEAE2DAEAB3900411670 /* FirebaseAnalytics in Frameworks */,
				320FDEB22DAEAB3900411670 /* FirebaseFirestore in Frameworks */,
			);
			runOnlyForDeploymentPostprocessing = 0;
		};
		320FDD922D97EF6400411670 /* Frameworks */ = {
			isa = PBXFrameworksBuildPhase;
			buildActionMask = 2147483647;
			files = (
			);
			runOnlyForDeploymentPostprocessing = 0;
		};
		320FDD9C2D97EF6400411670 /* Frameworks */ = {
			isa = PBXFrameworksBuildPhase;
			buildActionMask = 2147483647;
			files = (
			);
			runOnlyForDeploymentPostprocessing = 0;
		};
/* End PBXFrameworksBuildPhase section */

/* Begin PBXGroup section */
		320FDD7B2D97EF6300411670 = {
			isa = PBXGroup;
			children = (
				320FDD862D97EF6300411670 /* prac */,
				320FDD982D97EF6400411670 /* pracTests */,
				320FDDA22D97EF6400411670 /* pracUITests */,
				320FDD852D97EF6300411670 /* Products */,
			);
			sourceTree = "<group>";
		};
		320FDD852D97EF6300411670 /* Products */ = {
			isa = PBXGroup;
			children = (
				320FDD842D97EF6300411670 /* prac.app */,
				320FDD952D97EF6400411670 /* pracTests.xctest */,
				320FDD9F2D97EF6400411670 /* pracUITests.xctest */,
			);
			name = Products;
			sourceTree = "<group>";
		};
/* End PBXGroup section */

/* Begin PBXNativeTarget section */
		320FDD832D97EF6300411670 /* prac */ = {
			isa = PBXNativeTarget;
			buildConfigurationList = 320FDDA92D97EF6400411670 /* Build configuration list for PBXNativeTarget "prac" */;
			buildPhases = (
				320FDD802D97EF6300411670 /* Sources */,
				320FDD812D97EF6300411670 /* Frameworks */,
				320FDD822D97EF6300411670 /* Resources */,
			);
			buildRules = (
			);
			dependencies = (
			);
			fileSystemSynchronizedGroups = (
				320FDD862D97EF6300411670 /* prac */,
			);
			name = prac;
			packageProductDependencies = (
				320FDEAD2DAEAB3900411670 /* FirebaseAnalytics */,
				320FDEAF2DAEAB3900411670 /* FirebaseCore */,
				320FDEB12DAEAB3900411670 /* FirebaseFirestore */,
				320FDEB32DAEAB3900411670 /* FirebaseMessaging */,
				320FDEB52DAF4CC800411670 /* FirebaseAuth */,
			);
			productName = prac;
			productReference = 320FDD842D97EF6300411670 /* prac.app */;
			productType = "com.apple.product-type.application";
		};
		320FDD942D97EF6400411670 /* pracTests */ = {
			isa = PBXNativeTarget;
			buildConfigurationList = 320FDDAC2D97EF6400411670 /* Build configuration list for PBXNativeTarget "pracTests" */;
			buildPhases = (
				320FDD912D97EF6400411670 /* Sources */,
				320FDD922D97EF6400411670 /* Frameworks */,
				320FDD932D97EF6400411670 /* Resources */,
			);
			buildRules = (
			);
			dependencies = (
				320FDD972D97EF6400411670 /* PBXTargetDependency */,
			);
			fileSystemSynchronizedGroups = (
				320FDD982D97EF6400411670 /* pracTests */,
			);
			name = pracTests;
			packageProductDependencies = (
			);
			productName = pracTests;
			productReference = 320FDD952D97EF6400411670 /* pracTests.xctest */;
			productType = "com.apple.product-type.bundle.unit-test";
		};
		320FDD9E2D97EF6400411670 /* pracUITests */ = {
			isa = PBXNativeTarget;
			buildConfigurationList = 320FDDAF2D97EF6400411670 /* Build configuration list for PBXNativeTarget "pracUITests" */;
			buildPhases = (
				320FDD9B2D97EF6400411670 /* Sources */,
				320FDD9C2D97EF6400411670 /* Frameworks */,
				320FDD9D2D97EF6400411670 /* Resources */,
			);
			buildRules = (
			);
			dependencies = (
				320FDDA12D97EF6400411670 /* PBXTargetDependency */,
			);
			fileSystemSynchronizedGroups = (
				320FDDA22D97EF6400411670 /* pracUITests */,
			);
			name = pracUITests;
			packageProductDependencies = (
			);
			productName = pracUITests;
			productReference = 320FDD9F2D97EF6400411670 /* pracUITests.xctest */;
			productType = "com.apple.product-type.bundle.ui-testing";
		};
/* End PBXNativeTarget section */

/* Begin PBXProject section */
		320FDD7C2D97EF6300411670 /* Project object */ = {
			isa = PBXProject;
			attributes = {
				BuildIndependentTargetsInParallel = 1;
				LastSwiftUpdateCheck = 1620;
				LastUpgradeCheck = 1620;
				TargetAttributes = {
					320FDD832D97EF6300411670 = {
						CreatedOnToolsVersion = 16.2;
					};
					320FDD942D97EF6400411670 = {
						CreatedOnToolsVersion = 16.2;
						TestTargetID = 320FDD832D97EF6300411670;
					};
					320FDD9E2D97EF6400411670 = {
						CreatedOnToolsVersion = 16.2;
						TestTargetID = 320FDD832D97EF6300411670;
					};
				};
			};
			buildConfigurationList = 320FDD7F2D97EF6300411670 /* Build configuration list for PBXProject "prac" */;
			developmentRegion = en;
			hasScannedForEncodings = 0;
			knownRegions = (
				en,
				Base,
			);
			mainGroup = 320FDD7B2D97EF6300411670;
			minimizedProjectReferenceProxies = 1;
			packageReferences = (
				320FDEAC2DAEAB3900411670 /* XCRemoteSwiftPackageReference "firebase-ios-sdk" */,
			);
			preferredProjectObjectVersion = 77;
			productRefGroup = 320FDD852D97EF6300411670 /* Products */;
			projectDirPath = "";
			projectRoot = "";
			targets = (
				320FDD832D97EF6300411670 /* prac */,
				320FDD942D97EF6400411670 /* pracTests */,
				320FDD9E2D97EF6400411670 /* pracUITests */,
			);
		};
/* End PBXProject section */

/* Begin PBXResourcesBuildPhase section */
		320FDD822D97EF6300411670 /* Resources */ = {
			isa = PBXResourcesBuildPhase;
			buildActionMask = 2147483647;
			files = (
			);
			runOnlyForDeploymentPostprocessing = 0;
		};
		320FDD932D97EF6400411670 /* Resources */ = {
			isa = PBXResourcesBuildPhase;
			buildActionMask = 2147483647;
			files = (
			);
			runOnlyForDeploymentPostprocessing = 0;
		};
		320FDD9D2D97EF6400411670 /* Resources */ = {
			isa = PBXResourcesBuildPhase;
			buildActionMask = 2147483647;
			files = (
			);
			runOnlyForDeploymentPostprocessing = 0;
		};
/* End PBXResourcesBuildPhase section */

/* Begin PBXSourcesBuildPhase section */
		320FDD802D97EF6300411670 /* Sources */ = {
			isa = PBXSourcesBuildPhase;
			buildActionMask = 2147483647;
			files = (
			);
			runOnlyForDeploymentPostprocessing = 0;
		};
		320FDD912D97EF6400411670 /* Sources */ = {
			isa = PBXSourcesBuildPhase;
			buildActionMask = 2147483647;
			files = (
			);
			runOnlyForDeploymentPostprocessing = 0;
		};
		320FDD9B2D97EF6400411670 /* Sources */ = {
			isa = PBXSourcesBuildPhase;
			buildActionMask = 2147483647;
			files = (
			);
			runOnlyForDeploymentPostprocessing = 0;
		};
/* End PBXSourcesBuildPhase section */

/* Begin PBXTargetDependency section */
		320FDD972D97EF6400411670 /* PBXTargetDependency */ = {
			isa = PBXTargetDependency;
			target = 320FDD832D97EF6300411670 /* prac */;
			targetProxy = 320FDD962D97EF6400411670 /* PBXContainerItemProxy */;
		};
		320FDDA12D97EF6400411670 /* PBXTargetDependency */ = {
			isa = PBXTargetDependency;
			target = 320FDD832D97EF6300411670 /* prac */;
			targetProxy = 320FDDA02D97EF6400411670 /* PBXContainerItemProxy */;
		};
/* End PBXTargetDependency section */

/* Begin XCBuildConfiguration section */
		320FDDA72D97EF6400411670 /* Debug */ = {
			isa = XCBuildConfiguration;
			buildSettings = {
				ALWAYS_SEARCH_USER_PATHS = NO;
				ASSETCATALOG_COMPILER_GENERATE_SWIFT_ASSET_SYMBOL_EXTENSIONS = YES;
				CLANG_ANALYZER_NONNULL = YES;
				CLANG_ANALYZER_NUMBER_OBJECT_CONVERSION = YES_AGGRESSIVE;
				CLANG_CXX_LANGUAGE_STANDARD = "gnu++20";
				CLANG_ENABLE_MODULES = YES;
				CLANG_ENABLE_OBJC_ARC = YES;
				CLANG_ENABLE_OBJC_WEAK = YES;
				CLANG_WARN_BLOCK_CAPTURE_AUTORELEASING = YES;
				CLANG_WARN_BOOL_CONVERSION = YES;
				CLANG_WARN_COMMA = YES;
				CLANG_WARN_CONSTANT_CONVERSION = YES;
				CLANG_WARN_DEPRECATED_OBJC_IMPLEMENTATIONS = YES;
				CLANG_WARN_DIRECT_OBJC_ISA_USAGE = YES_ERROR;
				CLANG_WARN_DOCUMENTATION_COMMENTS = YES;
				CLANG_WARN_EMPTY_BODY = YES;
				CLANG_WARN_ENUM_CONVERSION = YES;
				CLANG_WARN_INFINITE_RECURSION = YES;
				CLANG_WARN_INT_CONVERSION = YES;
				CLANG_WARN_NON_LITERAL_NULL_CONVERSION = YES;
				CLANG_WARN_OBJC_IMPLICIT_RETAIN_SELF = YES;
				CLANG_WARN_OBJC_LITERAL_CONVERSION = YES;
				CLANG_WARN_OBJC_ROOT_CLASS = YES_ERROR;
				CLANG_WARN_QUOTED_INCLUDE_IN_FRAMEWORK_HEADER = YES;
				CLANG_WARN_RANGE_LOOP_ANALYSIS = YES;
				CLANG_WARN_STRICT_PROTOTYPES = YES;
				CLANG_WARN_SUSPICIOUS_MOVE = YES;
				CLANG_WARN_UNGUARDED_AVAILABILITY = YES_AGGRESSIVE;
				CLANG_WARN_UNREACHABLE_CODE = YES;
				CLANG_WARN__DUPLICATE_METHOD_MATCH = YES;
				COPY_PHASE_STRIP = NO;
				DEBUG_INFORMATION_FORMAT = dwarf;
				ENABLE_STRICT_OBJC_MSGSEND = YES;
				ENABLE_TESTABILITY = YES;
				ENABLE_USER_SCRIPT_SANDBOXING = YES;
				GCC_C_LANGUAGE_STANDARD = gnu17;
				GCC_DYNAMIC_NO_PIC = NO;
				GCC_NO_COMMON_BLOCKS = YES;
				GCC_OPTIMIZATION_LEVEL = 0;
				GCC_PREPROCESSOR_DEFINITIONS = (
					"DEBUG=1",
					"$(inherited)",
				);
				GCC_WARN_64_TO_32_BIT_CONVERSION = YES;
				GCC_WARN_ABOUT_RETURN_TYPE = YES_ERROR;
				GCC_WARN_UNDECLARED_SELECTOR = YES;
				GCC_WARN_UNINITIALIZED_AUTOS = YES_AGGRESSIVE;
				GCC_WARN_UNUSED_FUNCTION = YES;
				GCC_WARN_UNUSED_VARIABLE = YES;
				LOCALIZATION_PREFERS_STRING_CATALOGS = YES;
				MTL_ENABLE_DEBUG_INFO = INCLUDE_SOURCE;
				MTL_FAST_MATH = YES;
				ONLY_ACTIVE_ARCH = YES;
				SWIFT_ACTIVE_COMPILATION_CONDITIONS = "DEBUG $(inherited)";
				SWIFT_OPTIMIZATION_LEVEL = "-Onone";
			};
			name = Debug;
		};
		320FDDA82D97EF6400411670 /* Release */ = {
			isa = XCBuildConfiguration;
			buildSettings = {
				ALWAYS_SEARCH_USER_PATHS = NO;
				ASSETCATALOG_COMPILER_GENERATE_SWIFT_ASSET_SYMBOL_EXTENSIONS = YES;
				CLANG_ANALYZER_NONNULL = YES;
				CLANG_ANALYZER_NUMBER_OBJECT_CONVERSION = YES_AGGRESSIVE;
				CLANG_CXX_LANGUAGE_STANDARD = "gnu++20";
				CLANG_ENABLE_MODULES = YES;
				CLANG_ENABLE_OBJC_ARC = YES;
				CLANG_ENABLE_OBJC_WEAK = YES;
				CLANG_WARN_BLOCK_CAPTURE_AUTORELEASING = YES;
				CLANG_WARN_BOOL_CONVERSION = YES;
				CLANG_WARN_COMMA = YES;
				CLANG_WARN_CONSTANT_CONVERSION = YES;
				CLANG_WARN_DEPRECATED_OBJC_IMPLEMENTATIONS = YES;
				CLANG_WARN_DIRECT_OBJC_ISA_USAGE = YES_ERROR;
				CLANG_WARN_DOCUMENTATION_COMMENTS = YES;
				CLANG_WARN_EMPTY_BODY = YES;
				CLANG_WARN_ENUM_CONVERSION = YES;
				CLANG_WARN_INFINITE_RECURSION = YES;
				CLANG_WARN_INT_CONVERSION = YES;
				CLANG_WARN_NON_LITERAL_NULL_CONVERSION = YES;
				CLANG_WARN_OBJC_IMPLICIT_RETAIN_SELF = YES;
				CLANG_WARN_OBJC_LITERAL_CONVERSION = YES;
				CLANG_WARN_OBJC_ROOT_CLASS = YES_ERROR;
				CLANG_WARN_QUOTED_INCLUDE_IN_FRAMEWORK_HEADER = YES;
				CLANG_WARN_RANGE_LOOP_ANALYSIS = YES;
				CLANG_WARN_STRICT_PROTOTYPES = YES;
				CLANG_WARN_SUSPICIOUS_MOVE = YES;
				CLANG_WARN_UNGUARDED_AVAILABILITY = YES_AGGRESSIVE;
				CLANG_WARN_UNREACHABLE_CODE = YES;
				CLANG_WARN__DUPLICATE_METHOD_MATCH = YES;
				COPY_PHASE_STRIP = NO;
				DEBUG_INFORMATION_FORMAT = "dwarf-with-dsym";
				ENABLE_NS_ASSERTIONS = NO;
				ENABLE_STRICT_OBJC_MSGSEND = YES;
				ENABLE_USER_SCRIPT_SANDBOXING = YES;
				GCC_C_LANGUAGE_STANDARD = gnu17;
				GCC_NO_COMMON_BLOCKS = YES;
				GCC_WARN_64_TO_32_BIT_CONVERSION = YES;
				GCC_WARN_ABOUT_RETURN_TYPE = YES_ERROR;
				GCC_WARN_UNDECLARED_SELECTOR = YES;
				GCC_WARN_UNINITIALIZED_AUTOS = YES_AGGRESSIVE;
				GCC_WARN_UNUSED_FUNCTION = YES;
				GCC_WARN_UNUSED_VARIABLE = YES;
				LOCALIZATION_PREFERS_STRING_CATALOGS = YES;
				MTL_ENABLE_DEBUG_INFO = NO;
				MTL_FAST_MATH = YES;
				SWIFT_COMPILATION_MODE = wholemodule;
			};
			name = Release;
		};
		320FDDAA2D97EF6400411670 /* Debug */ = {
			isa = XCBuildConfiguration;
			buildSettings = {
				ASSETCATALOG_COMPILER_APPICON_NAME = AppIcon;
				ASSETCATALOG_COMPILER_GLOBAL_ACCENT_COLOR_NAME = AccentColor;
				CODE_SIGN_ENTITLEMENTS = prac/prac.entitlements;
				CODE_SIGN_STYLE = Automatic;
				CURRENT_PROJECT_VERSION = 1;
				DEVELOPMENT_ASSET_PATHS = "\"prac/Preview Content\"";
				DEVELOPMENT_TEAM = 8ZUB5C2R66;
				ENABLE_HARDENED_RUNTIME = YES;
				ENABLE_PREVIEWS = YES;
				GENERATE_INFOPLIST_FILE = YES;
				INFOPLIST_FILE = prac/Info.plist;
				"INFOPLIST_KEY_UIApplicationSceneManifest_Generation[sdk=iphoneos*]" = YES;
				"INFOPLIST_KEY_UIApplicationSceneManifest_Generation[sdk=iphonesimulator*]" = YES;
				"INFOPLIST_KEY_UIApplicationSupportsIndirectInputEvents[sdk=iphoneos*]" = YES;
				"INFOPLIST_KEY_UIApplicationSupportsIndirectInputEvents[sdk=iphonesimulator*]" = YES;
				"INFOPLIST_KEY_UILaunchScreen_Generation[sdk=iphoneos*]" = YES;
				"INFOPLIST_KEY_UILaunchScreen_Generation[sdk=iphonesimulator*]" = YES;
				"INFOPLIST_KEY_UIStatusBarStyle[sdk=iphoneos*]" = UIStatusBarStyleDefault;
				"INFOPLIST_KEY_UIStatusBarStyle[sdk=iphonesimulator*]" = UIStatusBarStyleDefault;
				INFOPLIST_KEY_UISupportedInterfaceOrientations_iPad = "UIInterfaceOrientationPortrait UIInterfaceOrientationPortraitUpsideDown UIInterfaceOrientationLandscapeLeft UIInterfaceOrientationLandscapeRight";
				INFOPLIST_KEY_UISupportedInterfaceOrientations_iPhone = "UIInterfaceOrientationPortrait UIInterfaceOrientationLandscapeLeft UIInterfaceOrientationLandscapeRight";
				INFOPLIST_KEY_UIUserInterfaceStyle = Light;
				IPHONEOS_DEPLOYMENT_TARGET = 18.2;
				LD_RUNPATH_SEARCH_PATHS = "@executable_path/Frameworks";
				"LD_RUNPATH_SEARCH_PATHS[sdk=macosx*]" = "@executable_path/../Frameworks";
				MACOSX_DEPLOYMENT_TARGET = 14.6;
				MARKETING_VERSION = 1.0;
				PRODUCT_BUNDLE_IDENTIFIER = Joid.prac;
				PRODUCT_NAME = "$(TARGET_NAME)";
				SDKROOT = auto;
				SUPPORTED_PLATFORMS = "iphoneos iphonesimulator";
				SUPPORTS_MACCATALYST = NO;
				SWIFT_EMIT_LOC_STRINGS = YES;
				SWIFT_VERSION = 5.0;
				TARGETED_DEVICE_FAMILY = 1;
				XROS_DEPLOYMENT_TARGET = 2.2;
			};
			name = Debug;
		};
		320FDDAB2D97EF6400411670 /* Release */ = {
			isa = XCBuildConfiguration;
			buildSettings = {
				ASSETCATALOG_COMPILER_APPICON_NAME = AppIcon;
				ASSETCATALOG_COMPILER_GLOBAL_ACCENT_COLOR_NAME = AccentColor;
				CODE_SIGN_ENTITLEMENTS = prac/prac.entitlements;
				CODE_SIGN_STYLE = Automatic;
				CURRENT_PROJECT_VERSION = 1;
				DEVELOPMENT_ASSET_PATHS = "\"prac/Preview Content\"";
				DEVELOPMENT_TEAM = 8ZUB5C2R66;
				ENABLE_HARDENED_RUNTIME = YES;
				ENABLE_PREVIEWS = YES;
				GENERATE_INFOPLIST_FILE = YES;
				INFOPLIST_FILE = prac/Info.plist;
				"INFOPLIST_KEY_UIApplicationSceneManifest_Generation[sdk=iphoneos*]" = YES;
				"INFOPLIST_KEY_UIApplicationSceneManifest_Generation[sdk=iphonesimulator*]" = YES;
				"INFOPLIST_KEY_UIApplicationSupportsIndirectInputEvents[sdk=iphoneos*]" = YES;
				"INFOPLIST_KEY_UIApplicationSupportsIndirectInputEvents[sdk=iphonesimulator*]" = YES;
				"INFOPLIST_KEY_UILaunchScreen_Generation[sdk=iphoneos*]" = YES;
				"INFOPLIST_KEY_UILaunchScreen_Generation[sdk=iphonesimulator*]" = YES;
				"INFOPLIST_KEY_UIStatusBarStyle[sdk=iphoneos*]" = UIStatusBarStyleDefault;
				"INFOPLIST_KEY_UIStatusBarStyle[sdk=iphonesimulator*]" = UIStatusBarStyleDefault;
				INFOPLIST_KEY_UISupportedInterfaceOrientations_iPad = "UIInterfaceOrientationPortrait UIInterfaceOrientationPortraitUpsideDown UIInterfaceOrientationLandscapeLeft UIInterfaceOrientationLandscapeRight";
				INFOPLIST_KEY_UISupportedInterfaceOrientations_iPhone = "UIInterfaceOrientationPortrait UIInterfaceOrientationLandscapeLeft UIInterfaceOrientationLandscapeRight";
				INFOPLIST_KEY_UIUserInterfaceStyle = Light;
				IPHONEOS_DEPLOYMENT_TARGET = 18.2;
				LD_RUNPATH_SEARCH_PATHS = "@executable_path/Frameworks";
				"LD_RUNPATH_SEARCH_PATHS[sdk=macosx*]" = "@executable_path/../Frameworks";
				MACOSX_DEPLOYMENT_TARGET = 14.6;
				MARKETING_VERSION = 1.0;
				PRODUCT_BUNDLE_IDENTIFIER = Joid.prac;
				PRODUCT_NAME = "$(TARGET_NAME)";
				SDKROOT = auto;
				SUPPORTED_PLATFORMS = "iphoneos iphonesimulator";
				SUPPORTS_MACCATALYST = NO;
				SWIFT_EMIT_LOC_STRINGS = YES;
				SWIFT_VERSION = 5.0;
				TARGETED_DEVICE_FAMILY = 1;
				XROS_DEPLOYMENT_TARGET = 2.2;
			};
			name = Release;
		};
		320FDDAD2D97EF6400411670 /* Debug */ = {
			isa = XCBuildConfiguration;
			buildSettings = {
				BUNDLE_LOADER = "$(TEST_HOST)";
				CODE_SIGN_STYLE = Automatic;
				CURRENT_PROJECT_VERSION = 1;
				DEVELOPMENT_TEAM = 8ZUB5C2R66;
				GENERATE_INFOPLIST_FILE = YES;
				IPHONEOS_DEPLOYMENT_TARGET = 18.2;
				MACOSX_DEPLOYMENT_TARGET = 14.6;
				MARKETING_VERSION = 1.0;
				PRODUCT_BUNDLE_IDENTIFIER = Joid.pracTests;
				PRODUCT_NAME = "$(TARGET_NAME)";
				SDKROOT = auto;
				SUPPORTED_PLATFORMS = "iphoneos iphonesimulator macosx xros xrsimulator";
				SWIFT_EMIT_LOC_STRINGS = NO;
				SWIFT_VERSION = 5.0;
				TARGETED_DEVICE_FAMILY = "1,2,7";
				TEST_HOST = "$(BUILT_PRODUCTS_DIR)/prac.app/$(BUNDLE_EXECUTABLE_FOLDER_PATH)/prac";
				XROS_DEPLOYMENT_TARGET = 2.2;
			};
			name = Debug;
		};
		320FDDAE2D97EF6400411670 /* Release */ = {
			isa = XCBuildConfiguration;
			buildSettings = {
				BUNDLE_LOADER = "$(TEST_HOST)";
				CODE_SIGN_STYLE = Automatic;
				CURRENT_PROJECT_VERSION = 1;
				DEVELOPMENT_TEAM = 8ZUB5C2R66;
				GENERATE_INFOPLIST_FILE = YES;
				IPHONEOS_DEPLOYMENT_TARGET = 18.2;
				MACOSX_DEPLOYMENT_TARGET = 14.6;
				MARKETING_VERSION = 1.0;
				PRODUCT_BUNDLE_IDENTIFIER = Joid.pracTests;
				PRODUCT_NAME = "$(TARGET_NAME)";
				SDKROOT = auto;
				SUPPORTED_PLATFORMS = "iphoneos iphonesimulator macosx xros xrsimulator";
				SWIFT_EMIT_LOC_STRINGS = NO;
				SWIFT_VERSION = 5.0;
				TARGETED_DEVICE_FAMILY = "1,2,7";
				TEST_HOST = "$(BUILT_PRODUCTS_DIR)/prac.app/$(BUNDLE_EXECUTABLE_FOLDER_PATH)/prac";
				XROS_DEPLOYMENT_TARGET = 2.2;
			};
			name = Release;
		};
		320FDDB02D97EF6400411670 /* Debug */ = {
			isa = XCBuildConfiguration;
			buildSettings = {
				CODE_SIGN_STYLE = Automatic;
				CURRENT_PROJECT_VERSION = 1;
				DEVELOPMENT_TEAM = 8ZUB5C2R66;
				GENERATE_INFOPLIST_FILE = YES;
				IPHONEOS_DEPLOYMENT_TARGET = 18.2;
				MACOSX_DEPLOYMENT_TARGET = 14.6;
				MARKETING_VERSION = 1.0;
				PRODUCT_BUNDLE_IDENTIFIER = Joid.pracUITests;
				PRODUCT_NAME = "$(TARGET_NAME)";
				SDKROOT = auto;
				SUPPORTED_PLATFORMS = "iphoneos iphonesimulator macosx xros xrsimulator";
				SWIFT_EMIT_LOC_STRINGS = NO;
				SWIFT_VERSION = 5.0;
				TARGETED_DEVICE_FAMILY = "1,2,7";
				TEST_TARGET_NAME = prac;
				XROS_DEPLOYMENT_TARGET = 2.2;
			};
			name = Debug;
		};
		320FDDB12D97EF6400411670 /* Release */ = {
			isa = XCBuildConfiguration;
			buildSettings = {
				CODE_SIGN_STYLE = Automatic;
				CURRENT_PROJECT_VERSION = 1;
				DEVELOPMENT_TEAM = 8ZUB5C2R66;
				GENERATE_INFOPLIST_FILE = YES;
				IPHONEOS_DEPLOYMENT_TARGET = 18.2;
				MACOSX_DEPLOYMENT_TARGET = 14.6;
				MARKETING_VERSION = 1.0;
				PRODUCT_BUNDLE_IDENTIFIER = Joid.pracUITests;
				PRODUCT_NAME = "$(TARGET_NAME)";
				SDKROOT = auto;
				SUPPORTED_PLATFORMS = "iphoneos iphonesimulator macosx xros xrsimulator";
				SWIFT_EMIT_LOC_STRINGS = NO;
				SWIFT_VERSION = 5.0;
				TARGETED_DEVICE_FAMILY = "1,2,7";
				TEST_TARGET_NAME = prac;
				XROS_DEPLOYMENT_TARGET = 2.2;
			};
			name = Release;
		};
/* End XCBuildConfiguration section */

/* Begin XCConfigurationList section */
		320FDD7F2D97EF6300411670 /* Build configuration list for PBXProject "prac" */ = {
			isa = XCConfigurationList;
			buildConfigurations = (
				320FDDA72D97EF6400411670 /* Debug */,
				320FDDA82D97EF6400411670 /* Release */,
			);
			defaultConfigurationIsVisible = 0;
			defaultConfigurationName = Release;
		};
		320FDDA92D97EF6400411670 /* Build configuration list for PBXNativeTarget "prac" */ = {
			isa = XCConfigurationList;
			buildConfigurations = (
				320FDDAA2D97EF6400411670 /* Debug */,
				320FDDAB2D97EF6400411670 /* Release */,
			);
			defaultConfigurationIsVisible = 0;
			defaultConfigurationName = Release;
		};
		320FDDAC2D97EF6400411670 /* Build configuration list for PBXNativeTarget "pracTests" */ = {
			isa = XCConfigurationList;
			buildConfigurations = (
				320FDDAD2D97EF6400411670 /* Debug */,
				320FDDAE2D97EF6400411670 /* Release */,
			);
			defaultConfigurationIsVisible = 0;
			defaultConfigurationName = Release;
		};
		320FDDAF2D97EF6400411670 /* Build configuration list for PBXNativeTarget "pracUITests" */ = {
			isa = XCConfigurationList;
			buildConfigurations = (
				320FDDB02D97EF6400411670 /* Debug */,
				320FDDB12D97EF6400411670 /* Release */,
			);
			defaultConfigurationIsVisible = 0;
			defaultConfigurationName = Release;
		};
/* End XCConfigurationList section */

/* Begin XCRemoteSwiftPackageReference section */
		320FDEAC2DAEAB3900411670 /* XCRemoteSwiftPackageReference "firebase-ios-sdk" */ = {
			isa = XCRemoteSwiftPackageReference;
			repositoryURL = "https://github.com/firebase/firebase-ios-sdk";
			requirement = {
				kind = upToNextMajorVersion;
				minimumVersion = 11.11.0;
			};
		};
/* End XCRemoteSwiftPackageReference section */

/* Begin XCSwiftPackageProductDependency section */
		320FDEAD2DAEAB3900411670 /* FirebaseAnalytics */ = {
			isa = XCSwiftPackageProductDependency;
			package = 320FDEAC2DAEAB3900411670 /* XCRemoteSwiftPackageReference "firebase-ios-sdk" */;
			productName = FirebaseAnalytics;
		};
		320FDEAF2DAEAB3900411670 /* FirebaseCore */ = {
			isa = XCSwiftPackageProductDependency;
			package = 320FDEAC2DAEAB3900411670 /* XCRemoteSwiftPackageReference "firebase-ios-sdk" */;
			productName = FirebaseCore;
		};
		320FDEB12DAEAB3900411670 /* FirebaseFirestore */ = {
			isa = XCSwiftPackageProductDependency;
			package = 320FDEAC2DAEAB3900411670 /* XCRemoteSwiftPackageReference "firebase-ios-sdk" */;
			productName = FirebaseFirestore;
		};
		320FDEB32DAEAB3900411670 /* FirebaseMessaging */ = {
			isa = XCSwiftPackageProductDependency;
			package = 320FDEAC2DAEAB3900411670 /* XCRemoteSwiftPackageReference "firebase-ios-sdk" */;
			productName = FirebaseMessaging;
		};
		320FDEB52DAF4CC800411670 /* FirebaseAuth */ = {
			isa = XCSwiftPackageProductDependency;
			package = 320FDEAC2DAEAB3900411670 /* XCRemoteSwiftPackageReference "firebase-ios-sdk" */;
			productName = FirebaseAuth;
		};
/* End XCSwiftPackageProductDependency section */
	};
	rootObject = 320FDD7C2D97EF6300411670 /* Project object */;
}
